
Microsoft Visual Studio Solution File, Format Version 12.00
# Visual Studio 2013
VisualStudioVersion = 12.0.31101.0
MinimumVisualStudioVersion = 10.0.40219.1
Project("{FAE04EC0-301F-11D3-BF4B-00C04F79EFBC}") = "Carbon", "Carbon.csproj", "{FAC30031-F36B-4A7F-B887-114D0B3DFD7D}"
EndProject
Project("{FAE04EC0-301F-11D3-BF4B-00C04F79EFBC}") = "Carbon.Test", "Test\Carbon.Test.csproj", "{C661482E-C379-4973-B8A4-35F6F04218A7}"
EndProject
Project("{FAE04EC0-301F-11D3-BF4B-00C04F79EFBC}") = "Carbon.Iis", "Iis\Carbon.Iis.csproj", "{E327B329-2F5C-4CDE-B8F6-40D8BCDD83D8}"
EndProject
Project("{FAE04EC0-301F-11D3-BF4B-00C04F79EFBC}") = "Carbon.Xdt", "Xdt\Carbon.Xdt.csproj", "{D1D7AE6D-E489-43F2-9716-D0FB0774851A}"
EndProject
Project("{FAE04EC0-301F-11D3-BF4B-00C04F79EFBC}") = "Carbon.Test.Xdt", "Test\Xdt\Carbon.Test.Xdt.csproj", "{6F3E420E-796A-4E21-93B2-0EE47940DC33}"
EndProject
Project("{54435603-DBB4-11D2-8724-00A0C9A8B90C}") = "CarbonTestInstaller", "CarbonTestInstaller\CarbonTestInstaller.vdproj", "{AFF68EB7-57D4-4D47-971C-F0BCA2149B04}"
EndProject
Project("{54435603-DBB4-11D2-8724-00A0C9A8B90C}") = "CarbonTestInstallerWithCustomActions", "CarbonTestInstallerWithCustomActions\CarbonTestInstallerWithCustomActions.vdproj", "{F75D4E03-F601-48F9-9858-4CFAD6A4AED4}"
EndProject
Project("{FAE04EC0-301F-11D3-BF4B-00C04F79EFBC}") = "Carbon.Test.Installer", "Test\Installer\Carbon.Test.Installer.csproj", "{D3F2D40C-A985-46D4-A317-03D7CF6B10E0}"
EndProject
Global
	GlobalSection(SolutionConfigurationPlatforms) = preSolution
		Debug|Any CPU = Debug|Any CPU
		Release|Any CPU = Release|Any CPU
	EndGlobalSection
	GlobalSection(ProjectConfigurationPlatforms) = postSolution
		{FAC30031-F36B-4A7F-B887-114D0B3DFD7D}.Debug|Any CPU.ActiveCfg = Debug|Any CPU
		{FAC30031-F36B-4A7F-B887-114D0B3DFD7D}.Debug|Any CPU.Build.0 = Debug|Any CPU
		{FAC30031-F36B-4A7F-B887-114D0B3DFD7D}.Release|Any CPU.ActiveCfg = Release|Any CPU
		{FAC30031-F36B-4A7F-B887-114D0B3DFD7D}.Release|Any CPU.Build.0 = Release|Any CPU
		{C661482E-C379-4973-B8A4-35F6F04218A7}.Debug|Any CPU.ActiveCfg = Debug|Any CPU
		{C661482E-C379-4973-B8A4-35F6F04218A7}.Debug|Any CPU.Build.0 = Debug|Any CPU
		{C661482E-C379-4973-B8A4-35F6F04218A7}.Release|Any CPU.ActiveCfg = Release|Any CPU
		{C661482E-C379-4973-B8A4-35F6F04218A7}.Release|Any CPU.Build.0 = Release|Any CPU
		{E327B329-2F5C-4CDE-B8F6-40D8BCDD83D8}.Debug|Any CPU.ActiveCfg = Debug|Any CPU
		{E327B329-2F5C-4CDE-B8F6-40D8BCDD83D8}.Debug|Any CPU.Build.0 = Debug|Any CPU
		{E327B329-2F5C-4CDE-B8F6-40D8BCDD83D8}.Release|Any CPU.ActiveCfg = Release|Any CPU
		{E327B329-2F5C-4CDE-B8F6-40D8BCDD83D8}.Release|Any CPU.Build.0 = Release|Any CPU
		{D1D7AE6D-E489-43F2-9716-D0FB0774851A}.Debug|Any CPU.ActiveCfg = Debug|Any CPU
		{D1D7AE6D-E489-43F2-9716-D0FB0774851A}.Debug|Any CPU.Build.0 = Debug|Any CPU
		{D1D7AE6D-E489-43F2-9716-D0FB0774851A}.Release|Any CPU.ActiveCfg = Release|Any CPU
		{D1D7AE6D-E489-43F2-9716-D0FB0774851A}.Release|Any CPU.Build.0 = Release|Any CPU
		{6F3E420E-796A-4E21-93B2-0EE47940DC33}.Debug|Any CPU.ActiveCfg = Debug|Any CPU
		{6F3E420E-796A-4E21-93B2-0EE47940DC33}.Debug|Any CPU.Build.0 = Debug|Any CPU
		{6F3E420E-796A-4E21-93B2-0EE47940DC33}.Release|Any CPU.ActiveCfg = Release|Any CPU
		{6F3E420E-796A-4E21-93B2-0EE47940DC33}.Release|Any CPU.Build.0 = Release|Any CPU
		{AFF68EB7-57D4-4D47-971C-F0BCA2149B04}.Debug|Any CPU.ActiveCfg = Debug
		{AFF68EB7-57D4-4D47-971C-F0BCA2149B04}.Release|Any CPU.ActiveCfg = Release
		{AFF68EB7-57D4-4D47-971C-F0BCA2149B04}.Release|Any CPU.Build.0 = Release
		{F75D4E03-F601-48F9-9858-4CFAD6A4AED4}.Debug|Any CPU.ActiveCfg = Debug
		{F75D4E03-F601-48F9-9858-4CFAD6A4AED4}.Debug|Any CPU.Build.0 = Debug
		{F75D4E03-F601-48F9-9858-4CFAD6A4AED4}.Release|Any CPU.ActiveCfg = Release
		{F75D4E03-F601-48F9-9858-4CFAD6A4AED4}.Release|Any CPU.Build.0 = Release
		{D3F2D40C-A985-46D4-A317-03D7CF6B10E0}.Debug|Any CPU.ActiveCfg = Debug|Any CPU
		{D3F2D40C-A985-46D4-A317-03D7CF6B10E0}.Release|Any CPU.ActiveCfg = Release|Any CPU
		{D3F2D40C-A985-46D4-A317-03D7CF6B10E0}.Release|Any CPU.Build.0 = Release|Any CPU
	EndGlobalSection
	GlobalSection(SolutionProperties) = preSolution
		HideSolutionNode = FALSE
	EndGlobalSection
EndGlobal
