
Microsoft Visual Studio Solution File, Format Version 12.00
# Visual Studio 15
VisualStudioVersion = 15.0.28307.168
MinimumVisualStudioVersion = 10.0.40219.1
Project("{54435603-DBB4-11D2-8724-00A0C9A8B90C}") = "CarbonTestInstaller", "CarbonTestInstaller\CarbonTestInstaller.vdproj", "{A309DF25-7E93-4D08-A418-DB0615C20AA8}"
EndProject
Project("{54435603-DBB4-11D2-8724-00A0C9A8B90C}") = "CarbonTestInstallerWithCustomActions", "CarbonTestInstallerWithCustomActions\CarbonTestInstallerWithCustomActions.vdproj", "{11EBB385-A890-4692-AD41-F53F0747678F}"
EndProject
Project("{FAE04EC0-301F-11D3-BF4B-00C04F79EFBC}") = "Carbon.Test.Installer", "Test\Installer\Carbon.Test.Installer.csproj", "{D3F2D40C-A985-46D4-A317-03D7CF6B10E0}"
EndProject
Global
	GlobalSection(SolutionConfigurationPlatforms) = preSolution
		Debug|Any CPU = Debug|Any CPU
		Release|Any CPU = Release|Any CPU
	EndGlobalSection
	GlobalSection(ProjectConfigurationPlatforms) = postSolution
		{A309DF25-7E93-4D08-A418-DB0615C20AA8}.Debug|Any CPU.ActiveCfg = Debug
		{A309DF25-7E93-4D08-A418-DB0615C20AA8}.Debug|Any CPU.Build.0 = Debug
		{A309DF25-7E93-4D08-A418-DB0615C20AA8}.Release|Any CPU.ActiveCfg = Release
		{A309DF25-7E93-4D08-A418-DB0615C20AA8}.Release|Any CPU.Build.0 = Release
		{11EBB385-A890-4692-AD41-F53F0747678F}.Debug|Any CPU.ActiveCfg = Debug
		{11EBB385-A890-4692-AD41-F53F0747678F}.Debug|Any CPU.Build.0 = Debug
		{11EBB385-A890-4692-AD41-F53F0747678F}.Release|Any CPU.ActiveCfg = Release
		{11EBB385-A890-4692-AD41-F53F0747678F}.Release|Any CPU.Build.0 = Release
		{D3F2D40C-A985-46D4-A317-03D7CF6B10E0}.Debug|Any CPU.ActiveCfg = Debug|Any CPU
		{D3F2D40C-A985-46D4-A317-03D7CF6B10E0}.Debug|Any CPU.Build.0 = Debug|Any CPU
		{D3F2D40C-A985-46D4-A317-03D7CF6B10E0}.Release|Any CPU.ActiveCfg = Release|Any CPU
		{D3F2D40C-A985-46D4-A317-03D7CF6B10E0}.Release|Any CPU.Build.0 = Release|Any CPU
	EndGlobalSection
	GlobalSection(SolutionProperties) = preSolution
		HideSolutionNode = FALSE
	EndGlobalSection
	GlobalSection(ExtensibilityGlobals) = postSolution
		SolutionGuid = {97C21930-68C6-4DB3-8B1C-3935E4985FCC}
	EndGlobalSection
EndGlobal
